
Microsoft Visual Studio Solution File, Format Version 12.00
Project("{FAE04EC0-301F-11D3-BF4B-00C04F79EFBC}") = "Faker", "Faker\Faker.csproj", "{F4B22B8D-568B-406D-B094-FBD36C4A7624}"
EndProject
Project("{FAE04EC0-301F-11D3-BF4B-00C04F79EFBC}") = "TestProject1", "TestProject1\TestProject1.csproj", "{9EE6427C-18C3-489D-B0BC-2B8B39FE0EC6}"
EndProject
Project("{FAE04EC0-301F-11D3-BF4B-00C04F79EFBC}") = "TestProject2", "TestProject2\TestProject2.csproj", "{E722E2BA-F94F-42A8-9C7B-18663E404A58}"
EndProject
Project("{FAE04EC0-301F-11D3-BF4B-00C04F79EFBC}") = "SByteGeneratorPlugin", "SByteGeneratorPlugin\SByteGeneratorPlugin.csproj", "{559775B7-367B-479D-94FF-DC3E0E850295}"
EndProject
Project("{FAE04EC0-301F-11D3-BF4B-00C04F79EFBC}") = "UshortGeneratorPlugin", "UshortGeneratorPlugin\UshortGeneratorPlugin.csproj", "{F829F056-927F-4A0A-B30C-DFCE4413C444}"
EndProject
Global
	GlobalSection(SolutionConfigurationPlatforms) = preSolution
		Debug|Any CPU = Debug|Any CPU
		Release|Any CPU = Release|Any CPU
	EndGlobalSection
	GlobalSection(ProjectConfigurationPlatforms) = postSolution
		{F4B22B8D-568B-406D-B094-FBD36C4A7624}.Debug|Any CPU.ActiveCfg = Debug|Any CPU
		{F4B22B8D-568B-406D-B094-FBD36C4A7624}.Debug|Any CPU.Build.0 = Debug|Any CPU
		{F4B22B8D-568B-406D-B094-FBD36C4A7624}.Release|Any CPU.ActiveCfg = Release|Any CPU
		{F4B22B8D-568B-406D-B094-FBD36C4A7624}.Release|Any CPU.Build.0 = Release|Any CPU
		{9EE6427C-18C3-489D-B0BC-2B8B39FE0EC6}.Debug|Any CPU.ActiveCfg = Debug|Any CPU
		{9EE6427C-18C3-489D-B0BC-2B8B39FE0EC6}.Debug|Any CPU.Build.0 = Debug|Any CPU
		{9EE6427C-18C3-489D-B0BC-2B8B39FE0EC6}.Release|Any CPU.ActiveCfg = Release|Any CPU
		{9EE6427C-18C3-489D-B0BC-2B8B39FE0EC6}.Release|Any CPU.Build.0 = Release|Any CPU
		{E722E2BA-F94F-42A8-9C7B-18663E404A58}.Debug|Any CPU.ActiveCfg = Debug|Any CPU
		{E722E2BA-F94F-42A8-9C7B-18663E404A58}.Debug|Any CPU.Build.0 = Debug|Any CPU
		{E722E2BA-F94F-42A8-9C7B-18663E404A58}.Release|Any CPU.ActiveCfg = Release|Any CPU
		{E722E2BA-F94F-42A8-9C7B-18663E404A58}.Release|Any CPU.Build.0 = Release|Any CPU
		{559775B7-367B-479D-94FF-DC3E0E850295}.Debug|Any CPU.ActiveCfg = Debug|Any CPU
		{559775B7-367B-479D-94FF-DC3E0E850295}.Debug|Any CPU.Build.0 = Debug|Any CPU
		{559775B7-367B-479D-94FF-DC3E0E850295}.Release|Any CPU.ActiveCfg = Release|Any CPU
		{559775B7-367B-479D-94FF-DC3E0E850295}.Release|Any CPU.Build.0 = Release|Any CPU
		{F829F056-927F-4A0A-B30C-DFCE4413C444}.Debug|Any CPU.ActiveCfg = Debug|Any CPU
		{F829F056-927F-4A0A-B30C-DFCE4413C444}.Debug|Any CPU.Build.0 = Debug|Any CPU
		{F829F056-927F-4A0A-B30C-DFCE4413C444}.Release|Any CPU.ActiveCfg = Release|Any CPU
		{F829F056-927F-4A0A-B30C-DFCE4413C444}.Release|Any CPU.Build.0 = Release|Any CPU
	EndGlobalSection
	GlobalSection(NestedProjects) = preSolution
	EndGlobalSection
EndGlobal
